// !$*UTF8*$!
{
	archiveVersion = 1;
	classes = {
	};
	objectVersion = 52;
	objects = {

/* Begin PBXBuildFile section */
		FE63047725ECFD2C0037FF80 /* gridsearchApp.swift in Sources */ = {isa = PBXBuildFile; fileRef = FE63047625ECFD2C0037FF80 /* gridsearchApp.swift */; };
		FE63047925ECFD2C0037FF80 /* ContentView.swift in Sources */ = {isa = PBXBuildFile; fileRef = FE63047825ECFD2C0037FF80 /* ContentView.swift */; };
		FE63047B25ECFD340037FF80 /* Assets.xcassets in Resources */ = {isa = PBXBuildFile; fileRef = FE63047A25ECFD340037FF80 /* Assets.xcassets */; };
		FE63047E25ECFD340037FF80 /* Preview Assets.xcassets in Resources */ = {isa = PBXBuildFile; fileRef = FE63047D25ECFD340037FF80 /* Preview Assets.xcassets */; };
		FEC11A9525F66D6100D864C7 /* Kingfisher in Frameworks */ = {isa = PBXBuildFile; productRef = FEC11A9425F66D6100D864C7 /* Kingfisher */; };
		FEC97E1425F663A1002D927D /* viewmodel.swift in Sources */ = {isa = PBXBuildFile; fileRef = FEC97E1325F663A1002D927D /* viewmodel.swift */; };
		FEC97E1725F66414002D927D /* model.swift in Sources */ = {isa = PBXBuildFile; fileRef = FEC97E1625F66414002D927D /* model.swift */; };
/* End PBXBuildFile section */

/* Begin PBXFileReference section */
		FE63047325ECFD2C0037FF80 /* gridsearch.app */ = {isa = PBXFileReference; explicitFileType = wrapper.application; includeInIndex = 0; path = gridsearch.app; sourceTree = BUILT_PRODUCTS_DIR; };
		FE63047625ECFD2C0037FF80 /* gridsearchApp.swift */ = {isa = PBXFileReference; lastKnownFileType = sourcecode.swift; path = gridsearchApp.swift; sourceTree = "<group>"; };
		FE63047825ECFD2C0037FF80 /* ContentView.swift */ = {isa = PBXFileReference; lastKnownFileType = sourcecode.swift; path = ContentView.swift; sourceTree = "<group>"; };
		FE63047A25ECFD340037FF80 /* Assets.xcassets */ = {isa = PBXFileReference; lastKnownFileType = folder.assetcatalog; path = Assets.xcassets; sourceTree = "<group>"; };
		FE63047D25ECFD340037FF80 /* Preview Assets.xcassets */ = {isa = PBXFileReference; lastKnownFileType = folder.assetcatalog; path = "Preview Assets.xcassets"; sourceTree = "<group>"; };
		FE63047F25ECFD340037FF80 /* Info.plist */ = {isa = PBXFileReference; lastKnownFileType = text.plist.xml; path = Info.plist; sourceTree = "<group>"; };
		FEC11A9125F66D5800D864C7 /* AppTrackingTransparency.framework */ = {isa = PBXFileReference; lastKnownFileType = wrapper.framework; name = AppTrackingTransparency.framework; path = System/Library/Frameworks/AppTrackingTransparency.framework; sourceTree = SDKROOT; };
		FEC97E1325F663A1002D927D /* viewmodel.swift */ = {isa = PBXFileReference; lastKnownFileType = sourcecode.swift; path = viewmodel.swift; sourceTree = "<group>"; };
		FEC97E1625F66414002D927D /* model.swift */ = {isa = PBXFileReference; lastKnownFileType = sourcecode.swift; path = model.swift; sourceTree = "<group>"; };
/* End PBXFileReference section */

/* Begin PBXFrameworksBuildPhase section */
		FE63047025ECFD2C0037FF80 /* Frameworks */ = {
			isa = PBXFrameworksBuildPhase;
			buildActionMask = 2147483647;
			files = (
				FEC11A9525F66D6100D864C7 /* Kingfisher in Frameworks */,
			);
			runOnlyForDeploymentPostprocessing = 0;
		};
/* End PBXFrameworksBuildPhase section */

/* Begin PBXGroup section */
		FE63046A25ECFD2C0037FF80 = {
			isa = PBXGroup;
			children = (
				FE63047525ECFD2C0037FF80 /* gridsearch */,
				FE63047425ECFD2C0037FF80 /* Products */,
				FE63048A25ED1E720037FF80 /* Frameworks */,
			);
			sourceTree = "<group>";
		};
		FE63047425ECFD2C0037FF80 /* Products */ = {
			isa = PBXGroup;
			children = (
				FE63047325ECFD2C0037FF80 /* gridsearch.app */,
			);
			name = Products;
			sourceTree = "<group>";
		};
		FE63047525ECFD2C0037FF80 /* gridsearch */ = {
			isa = PBXGroup;
			children = (
				FE63047625ECFD2C0037FF80 /* gridsearchApp.swift */,
				FE63047825ECFD2C0037FF80 /* ContentView.swift */,
				FE63047A25ECFD340037FF80 /* Assets.xcassets */,
				FE63047F25ECFD340037FF80 /* Info.plist */,
				FE63047C25ECFD340037FF80 /* Preview Content */,
				FEC97E1325F663A1002D927D /* viewmodel.swift */,
				FEC97E1625F66414002D927D /* model.swift */,
			);
			path = gridsearch;
			sourceTree = "<group>";
		};
		FE63047C25ECFD340037FF80 /* Preview Content */ = {
			isa = PBXGroup;
			children = (
				FE63047D25ECFD340037FF80 /* Preview Assets.xcassets */,
			);
			path = "Preview Content";
			sourceTree = "<group>";
		};
		FE63048A25ED1E720037FF80 /* Frameworks */ = {
			isa = PBXGroup;
			children = (
				FEC11A9125F66D5800D864C7 /* AppTrackingTransparency.framework */,
			);
			name = Frameworks;
			sourceTree = "<group>";
		};
/* End PBXGroup section */

/* Begin PBXNativeTarget section */
		FE63047225ECFD2C0037FF80 /* gridsearch */ = {
			isa = PBXNativeTarget;
			buildConfigurationList = FE63048225ECFD340037FF80 /* Build configuration list for PBXNativeTarget "gridsearch" */;
			buildPhases = (
				FE63046F25ECFD2C0037FF80 /* Sources */,
				FE63047025ECFD2C0037FF80 /* Frameworks */,
				FE63047125ECFD2C0037FF80 /* Resources */,
			);
			buildRules = (
			);
			dependencies = (
			);
			name = gridsearch;
			packageProductDependencies = (
				FEC11A9425F66D6100D864C7 /* Kingfisher */,
			);
			productName = gridsearch;
			productReference = FE63047325ECFD2C0037FF80 /* gridsearch.app */;
			productType = "com.apple.product-type.application";
		};
/* End PBXNativeTarget section */

/* Begin PBXProject section */
		FE63046B25ECFD2C0037FF80 /* Project object */ = {
			isa = PBXProject;
			attributes = {
				LastSwiftUpdateCheck = 1240;
				LastUpgradeCheck = 1240;
				TargetAttributes = {
					FE63047225ECFD2C0037FF80 = {
						CreatedOnToolsVersion = 12.4;
					};
				};
			};
			buildConfigurationList = FE63046E25ECFD2C0037FF80 /* Build configuration list for PBXProject "gridsearch" */;
			compatibilityVersion = "Xcode 9.3";
			developmentRegion = en;
			hasScannedForEncodings = 0;
			knownRegions = (
				en,
				Base,
			);
			mainGroup = FE63046A25ECFD2C0037FF80;
			packageReferences = (
				FE63048625ED1CF60037FF80 /* XCRemoteSwiftPackageReference "Kingfisher" */,
			);
			productRefGroup = FE63047425ECFD2C0037FF80 /* Products */;
			projectDirPath = "";
			projectRoot = "";
			targets = (
				FE63047225ECFD2C0037FF80 /* gridsearch */,
			);
		};
/* End PBXProject section */

/* Begin PBXResourcesBuildPhase section */
		FE63047125ECFD2C0037FF80 /* Resources */ = {
			isa = PBXResourcesBuildPhase;
			buildActionMask = 2147483647;
			files = (
				FE63047E25ECFD340037FF80 /* Preview Assets.xcassets in Resources */,
				FE63047B25ECFD340037FF80 /* Assets.xcassets in Resources */,
			);
			runOnlyForDeploymentPostprocessing = 0;
		};
/* End PBXResourcesBuildPhase section */

/* Begin PBXSourcesBuildPhase section */
		FE63046F25ECFD2C0037FF80 /* Sources */ = {
			isa = PBXSourcesBuildPhase;
			buildActionMask = 2147483647;
			files = (
				FE63047925ECFD2C0037FF80 /* ContentView.swift in Sources */,
				FE63047725ECFD2C0037FF80 /* gridsearchApp.swift in Sources */,
				FEC97E1425F663A1002D927D /* viewmodel.swift in Sources */,
				FEC97E1725F66414002D927D /* model.swift in Sources */,
			);
			runOnlyForDeploymentPostprocessing = 0;
		};
/* End PBXSourcesBuildPhase section */

/* Begin XCBuildConfiguration section */
		FE63048025ECFD340037FF80 /* Debug */ = {
			isa = XCBuildConfiguration;
			buildSettings = {
				ALWAYS_SEARCH_USER_PATHS = NO;
				CLANG_ANALYZER_NONNULL = YES;
				CLANG_ANALYZER_NUMBER_OBJECT_CONVERSION = YES_AGGRESSIVE;
				CLANG_CXX_LANGUAGE_STANDARD = "gnu++14";
				CLANG_CXX_LIBRARY = "libc++";
				CLANG_ENABLE_MODULES = YES;
				CLANG_ENABLE_OBJC_ARC = YES;
				CLANG_ENABLE_OBJC_WEAK = YES;
				CLANG_WARN_BLOCK_CAPTURE_AUTORELEASING = YES;
				CLANG_WARN_BOOL_CONVERSION = YES;
				CLANG_WARN_COMMA = YES;
				CLANG_WARN_CONSTANT_CONVERSION = YES;
				CLANG_WARN_DEPRECATED_OBJC_IMPLEMENTATIONS = YES;
				CLANG_WARN_DIRECT_OBJC_ISA_USAGE = YES_ERROR;
				CLANG_WARN_DOCUMENTATION_COMMENTS = YES;
				CLANG_WARN_EMPTY_BODY = YES;
				CLANG_WARN_ENUM_CONVERSION = YES;
				CLANG_WARN_INFINITE_RECURSION = YES;
				CLANG_WARN_INT_CONVERSION = YES;
				CLANG_WARN_NON_LITERAL_NULL_CONVERSION = YES;
				CLANG_WARN_OBJC_IMPLICIT_RETAIN_SELF = YES;
				CLANG_WARN_OBJC_LITERAL_CONVERSION = YES;
				CLANG_WARN_OBJC_ROOT_CLASS = YES_ERROR;
				CLANG_WARN_QUOTED_INCLUDE_IN_FRAMEWORK_HEADER = YES;
				CLANG_WARN_RANGE_LOOP_ANALYSIS = YES;
				CLANG_WARN_STRICT_PROTOTYPES = YES;
				CLANG_WARN_SUSPICIOUS_MOVE = YES;
				CLANG_WARN_UNGUARDED_AVAILABILITY = YES_AGGRESSIVE;
				CLANG_WARN_UNREACHABLE_CODE = YES;
				CLANG_WARN__DUPLICATE_METHOD_MATCH = YES;
				COPY_PHASE_STRIP = NO;
				DEBUG_INFORMATION_FORMAT = dwarf;
				ENABLE_STRICT_OBJC_MSGSEND = YES;
				ENABLE_TESTABILITY = YES;
				GCC_C_LANGUAGE_STANDARD = gnu11;
				GCC_DYNAMIC_NO_PIC = NO;
				GCC_NO_COMMON_BLOCKS = YES;
				GCC_OPTIMIZATION_LEVEL = 0;
				GCC_PREPROCESSOR_DEFINITIONS = (
					"DEBUG=1",
					"$(inherited)",
				);
				GCC_WARN_64_TO_32_BIT_CONVERSION = YES;
				GCC_WARN_ABOUT_RETURN_TYPE = YES_ERROR;
				GCC_WARN_UNDECLARED_SELECTOR = YES;
				GCC_WARN_UNINITIALIZED_AUTOS = YES_AGGRESSIVE;
				GCC_WARN_UNUSED_FUNCTION = YES;
				GCC_WARN_UNUSED_VARIABLE = YES;
				IPHONEOS_DEPLOYMENT_TARGET = 14.4;
				MTL_ENABLE_DEBUG_INFO = INCLUDE_SOURCE;
				MTL_FAST_MATH = YES;
				ONLY_ACTIVE_ARCH = YES;
				SDKROOT = iphoneos;
				SWIFT_ACTIVE_COMPILATION_CONDITIONS = DEBUG;
				SWIFT_OPTIMIZATION_LEVEL = "-Onone";
			};
			name = Debug;
		};
		FE63048125ECFD340037FF80 /* Release */ = {
			isa = XCBuildConfiguration;
			buildSettings = {
				ALWAYS_SEARCH_USER_PATHS = NO;
				CLANG_ANALYZER_NONNULL = YES;
				CLANG_ANALYZER_NUMBER_OBJECT_CONVERSION = YES_AGGRESSIVE;
				CLANG_CXX_LANGUAGE_STANDARD = "gnu++14";
				CLANG_CXX_LIBRARY = "libc++";
				CLANG_ENABLE_MODULES = YES;
				CLANG_ENABLE_OBJC_ARC = YES;
				CLANG_ENABLE_OBJC_WEAK = YES;
				CLANG_WARN_BLOCK_CAPTURE_AUTORELEASING = YES;
				CLANG_WARN_BOOL_CONVERSION = YES;
				CLANG_WARN_COMMA = YES;
				CLANG_WARN_CONSTANT_CONVERSION = YES;
				CLANG_WARN_DEPRECATED_OBJC_IMPLEMENTATIONS = YES;
				CLANG_WARN_DIRECT_OBJC_ISA_USAGE = YES_ERROR;
				CLANG_WARN_DOCUMENTATION_COMMENTS = YES;
				CLANG_WARN_EMPTY_BODY = YES;
				CLANG_WARN_ENUM_CONVERSION = YES;
				CLANG_WARN_INFINITE_RECURSION = YES;
				CLANG_WARN_INT_CONVERSION = YES;
				CLANG_WARN_NON_LITERAL_NULL_CONVERSION = YES;
				CLANG_WARN_OBJC_IMPLICIT_RETAIN_SELF = YES;
				CLANG_WARN_OBJC_LITERAL_CONVERSION = YES;
				CLANG_WARN_OBJC_ROOT_CLASS = YES_ERROR;
				CLANG_WARN_QUOTED_INCLUDE_IN_FRAMEWORK_HEADER = YES;
				CLANG_WARN_RANGE_LOOP_ANALYSIS = YES;
				CLANG_WARN_STRICT_PROTOTYPES = YES;
				CLANG_WARN_SUSPICIOUS_MOVE = YES;
				CLANG_WARN_UNGUARDED_AVAILABILITY = YES_AGGRESSIVE;
				CLANG_WARN_UNREACHABLE_CODE = YES;
				CLANG_WARN__DUPLICATE_METHOD_MATCH = YES;
				COPY_PHASE_STRIP = NO;
				DEBUG_INFORMATION_FORMAT = "dwarf-with-dsym";
				ENABLE_NS_ASSERTIONS = NO;
				ENABLE_STRICT_OBJC_MSGSEND = YES;
				GCC_C_LANGUAGE_STANDARD = gnu11;
				GCC_NO_COMMON_BLOCKS = YES;
				GCC_WARN_64_TO_32_BIT_CONVERSION = YES;
				GCC_WARN_ABOUT_RETURN_TYPE = YES_ERROR;
				GCC_WARN_UNDECLARED_SELECTOR = YES;
				GCC_WARN_UNINITIALIZED_AUTOS = YES_AGGRESSIVE;
				GCC_WARN_UNUSED_FUNCTION = YES;
				GCC_WARN_UNUSED_VARIABLE = YES;
				IPHONEOS_DEPLOYMENT_TARGET = 14.4;
				MTL_ENABLE_DEBUG_INFO = NO;
				MTL_FAST_MATH = YES;
				SDKROOT = iphoneos;
				SWIFT_COMPILATION_MODE = wholemodule;
				SWIFT_OPTIMIZATION_LEVEL = "-O";
				VALIDATE_PRODUCT = YES;
			};
			name = Release;
		};
		FE63048325ECFD340037FF80 /* Debug */ = {
			isa = XCBuildConfiguration;
			buildSettings = {
				ASSETCATALOG_COMPILER_APPICON_NAME = AppIcon;
				ASSETCATALOG_COMPILER_GLOBAL_ACCENT_COLOR_NAME = AccentColor;
				CODE_SIGN_STYLE = Automatic;
				DEVELOPMENT_ASSET_PATHS = "\"gridsearch/Preview Content\"";
				DEVELOPMENT_TEAM = 4LUT225J2B;
				ENABLE_PREVIEWS = YES;
				INFOPLIST_FILE = gridsearch/Info.plist;
				IPHONEOS_DEPLOYMENT_TARGET = 14.0;
				LD_RUNPATH_SEARCH_PATHS = (
					"$(inherited)",
					"@executable_path/Frameworks",
				);
				PRODUCT_BUNDLE_IDENTIFIER = com.toddch.gridsearch;
				PRODUCT_NAME = "$(TARGET_NAME)";
				SWIFT_VERSION = 5.0;
				TARGETED_DEVICE_FAMILY = "1,2";
			};
			name = Debug;
		};
		FE63048425ECFD340037FF80 /* Release */ = {
			isa = XCBuildConfiguration;
			buildSettings = {
				ASSETCATALOG_COMPILER_APPICON_NAME = AppIcon;
				ASSETCATALOG_COMPILER_GLOBAL_ACCENT_COLOR_NAME = AccentColor;
				CODE_SIGN_STYLE = Automatic;
				DEVELOPMENT_ASSET_PATHS = "\"gridsearch/Preview Content\"";
				DEVELOPMENT_TEAM = 4LUT225J2B;
				ENABLE_PREVIEWS = YES;
				INFOPLIST_FILE = gridsearch/Info.plist;
				IPHONEOS_DEPLOYMENT_TARGET = 14.0;
				LD_RUNPATH_SEARCH_PATHS = (
					"$(inherited)",
					"@executable_path/Frameworks",
				);
				PRODUCT_BUNDLE_IDENTIFIER = com.toddch.gridsearch;
				PRODUCT_NAME = "$(TARGET_NAME)";
				SWIFT_VERSION = 5.0;
				TARGETED_DEVICE_FAMILY = "1,2";
			};
			name = Release;
		};
/* End XCBuildConfiguration section */

/* Begin XCConfigurationList section */
		FE63046E25ECFD2C0037FF80 /* Build configuration list for PBXProject "gridsearch" */ = {
			isa = XCConfigurationList;
			buildConfigurations = (
				FE63048025ECFD340037FF80 /* Debug */,
				FE63048125ECFD340037FF80 /* Release */,
			);
			defaultConfigurationIsVisible = 0;
			defaultConfigurationName = Release;
		};
		FE63048225ECFD340037FF80 /* Build configuration list for PBXNativeTarget "gridsearch" */ = {
			isa = XCConfigurationList;
			buildConfigurations = (
				FE63048325ECFD340037FF80 /* Debug */,
				FE63048425ECFD340037FF80 /* Release */,
			);
			defaultConfigurationIsVisible = 0;
			defaultConfigurationName = Release;
		};
/* End XCConfigurationList section */

/* Begin XCRemoteSwiftPackageReference section */
		FE63048625ED1CF60037FF80 /* XCRemoteSwiftPackageReference "Kingfisher" */ = {
			isa = XCRemoteSwiftPackageReference;
			repositoryURL = "https://github.com/onevcat/Kingfisher.git";
			requirement = {
				kind = upToNextMajorVersion;
				minimumVersion = 6.1.1;
			};
		};
/* End XCRemoteSwiftPackageReference section */

/* Begin XCSwiftPackageProductDependency section */
		FEC11A9425F66D6100D864C7 /* Kingfisher */ = {
			isa = XCSwiftPackageProductDependency;
			package = FE63048625ED1CF60037FF80 /* XCRemoteSwiftPackageReference "Kingfisher" */;
			productName = Kingfisher;
		};
/* End XCSwiftPackageProductDependency section */
	};
	rootObject = FE63046B25ECFD2C0037FF80 /* Project object */;
}
